<?xml version="1.0" encoding="utf-8"?>
<Project ToolsVersion="4.0" xmlns="http://schemas.microsoft.com/developer/msbuild/2003">
  <ItemGroup>
    <Filter Include="Source Files">
      <UniqueIdentifier>{4FC737F1-C7A5-4376-A066-2A32D752A2FF}</UniqueIdentifier>
      <Extensions>cpp;c;cc;cxx;def;odl;idl;hpj;bat;asm;asmx</Extensions>
    </Filter>
    <Filter Include="Header Files">
      <UniqueIdentifier>{93995380-89BD-4b04-88EB-625FBE52EBFB}</UniqueIdentifier>
      <Extensions>h;hpp;hxx;hm;inl;inc;xsd</Extensions>
    </Filter>
    <Filter Include="Resource Files">
      <UniqueIdentifier>{67DA6AB6-F800-4c08-8B7A-83BB121AAD01}</UniqueIdentifier>
      <Extensions>rc;ico;cur;bmp;dlg;rc2;rct;bin;rgs;gif;jpg;jpeg;jpe;resx;tiff;tif;png;wav;mfcribbon-ms</Extensions>
    </Filter>
    <Filter Include="PipeServer">
      <UniqueIdentifier>{88e7619a-feff-4f02-afbc-e351f042dc46}</UniqueIdentifier>
    </Filter>
  </ItemGroup>
  <ItemGroup>
    <None Include="ReadMe.txt" />
  </ItemGroup>
  <ItemGroup>
    <ClInclude Include="stdafx.h">
      <Filter>Header Files</Filter>
    </ClInclude>
    <ClInclude Include="targetver.h">
      <Filter>Header Files</Filter>
    </ClInclude>
    <ClInclude Include="UpdateService.h">
      <Filter>Header Files</Filter>
    </ClInclude>
    <ClInclude Include="resource.h">
      <Filter>Header Files</Filter>
    </ClInclude>
    <ClInclude Include="PipeSession.h">
      <Filter>PipeServer</Filter>
    </ClInclude>
    <ClInclude Include="PipeServer.h">
      <Filter>PipeServer</Filter>
    </ClInclude>
    <ClInclude Include="..\include\UpdateDefines.h">
      <Filter>Header Files</Filter>
    </ClInclude>
    <ClInclude Include="..\include\UpdateError.h">
      <Filter>Header Files</Filter>
    </ClInclude>
    <ClInclude Include="CUpService.h">
      <Filter>Header Files</Filter>
    </ClInclude>
    <ClInclude Include="UpdateJobManager.h">
      <Filter>Header Files</Filter>
    </ClInclude>
    <ClInclude Include="UpdateScheduler.h">
      <Filter>Header Files</Filter>
    </ClInclude>
    <ClInclude Include="ExceptionDump.h">
      <Filter>Header Files</Filter>
    </ClInclude>
    <ClInclude Include="PluginManager.h">
      <Filter>Header Files</Filter>
    </ClInclude>
    <ClInclude Include="UpdateSession.h">
      <Filter>PipeServer</Filter>
    </ClInclude>
    <ClInclude Include="PipeSessionSet.h">
      <Filter>PipeServer</Filter>
    </ClInclude>
    <ClInclude Include="PluginSession.h">
      <Filter>PipeServer</Filter>
    </ClInclude>
    <ClInclude Include="BasicQuerySession.h">
      <Filter>PipeServer</Filter>
    </ClInclude>
    <ClInclude Include="FileMgrSession.h">
      <Filter>PipeServer</Filter>
    </ClInclude>
  </ItemGroup>
  <ItemGroup>
    <ClCompile Include="stdafx.cpp">
      <Filter>Source Files</Filter>
    </ClCompile>
    <ClCompile Include="ARCAutoUpdate.cpp">
      <Filter>Source Files</Filter>
    </ClCompile>
    <ClCompile Include="UpdateService.cpp">
      <Filter>Source Files</Filter>
    </ClCompile>
    <ClCompile Include="PipeSession.cpp">
      <Filter>PipeServer</Filter>
    </ClCompile>
    <ClCompile Include="PipeServer.cpp">
      <Filter>PipeServer</Filter>
    </ClCompile>
    <ClCompile Include="CUpService.cpp">
      <Filter>Source Files</Filter>
    </ClCompile>
    <ClCompile Include="UpdateJobManager.cpp">
      <Filter>Source Files</Filter>
    </ClCompile>
    <ClCompile Include="UpdateScheduler.cpp">
      <Filter>Source Files</Filter>
    </ClCompile>
    <ClCompile Include="ExceptionDump.cpp">
      <Filter>Source Files</Filter>
    </ClCompile>
    <ClCompile Include="PluginManager.cpp">
      <Filter>Source Files</Filter>
    </ClCompile>
    <ClCompile Include="UpdateSession.cpp">
      <Filter>PipeServer</Filter>
    </ClCompile>
    <ClCompile Include="PipeSessionSet.cpp">
      <Filter>PipeServer</Filter>
    </ClCompile>
    <ClCompile Include="PluginSession.cpp">
      <Filter>PipeServer</Filter>
    </ClCompile>
    <ClCompile Include="BasicQuerySession.cpp">
      <Filter>PipeServer</Filter>
    </ClCompile>
    <ClCompile Include="FileMgrSession.cpp">
      <Filter>PipeServer</Filter>
    </ClCompile>
  </ItemGroup>
  <ItemGroup>
    <ResourceCompile Include="ARCUpdateExe.rc">
      <Filter>Resource Files</Filter>
    </ResourceCompile>
  </ItemGroup>
</Project>